
Microsoft Visual Studio Solution File, Format Version 12.00
# Visual Studio Version 16
VisualStudioVersion = 16.0.31729.503
MinimumVisualStudioVersion = 10.0.40219.1
Project("{9A19103F-16F7-4668-BE54-9A1E7A4F7556}") = "lesson03", "lesson03\lesson03.csproj", "{5CA8DAA9-1390-4546-9D4B-460D4E6C4A1B}"
EndProject
Project("{FAE04EC0-301F-11D3-BF4B-00C04F79EFBC}") = "practice01", "practice01\practice01.csproj", "{1AB97C6E-BDDF-43E5-A2D5-4C59C2413E75}"
EndProject
Global
	GlobalSection(SolutionConfigurationPlatforms) = preSolution
		Debug|Any CPU = Debug|Any CPU
		Release|Any CPU = Release|Any CPU
	EndGlobalSection
	GlobalSection(ProjectConfigurationPlatforms) = postSolution
		{5CA8DAA9-1390-4546-9D4B-460D4E6C4A1B}.Debug|Any CPU.ActiveCfg = Debug|Any CPU
		{5CA8DAA9-1390-4546-9D4B-460D4E6C4A1B}.Debug|Any CPU.Build.0 = Debug|Any CPU
		{5CA8DAA9-1390-4546-9D4B-460D4E6C4A1B}.Release|Any CPU.ActiveCfg = Release|Any CPU
		{5CA8DAA9-1390-4546-9D4B-460D4E6C4A1B}.Release|Any CPU.Build.0 = Release|Any CPU
		{1AB97C6E-BDDF-43E5-A2D5-4C59C2413E75}.Debug|Any CPU.ActiveCfg = Debug|Any CPU
		{1AB97C6E-BDDF-43E5-A2D5-4C59C2413E75}.Debug|Any CPU.Build.0 = Debug|Any CPU
		{1AB97C6E-BDDF-43E5-A2D5-4C59C2413E75}.Release|Any CPU.ActiveCfg = Release|Any CPU
		{1AB97C6E-BDDF-43E5-A2D5-4C59C2413E75}.Release|Any CPU.Build.0 = Release|Any CPU
	EndGlobalSection
	GlobalSection(SolutionProperties) = preSolution
		HideSolutionNode = FALSE
	EndGlobalSection
	GlobalSection(ExtensibilityGlobals) = postSolution
		SolutionGuid = {C64E39F5-2B9B-469A-A51D-EF25DA06C926}
	EndGlobalSection
EndGlobal
