
Microsoft Visual Studio Solution File, Format Version 12.00
# Visual Studio Version 16
VisualStudioVersion = 16.0.31729.503
MinimumVisualStudioVersion = 10.0.40219.1
Project("{FAE04EC0-301F-11D3-BF4B-00C04F79EFBC}") = "lesson03", "lesson03\lesson03.csproj", "{895F0539-4146-4651-941B-8FEE42BE0A27}"
EndProject
Global
	GlobalSection(SolutionConfigurationPlatforms) = preSolution
		Debug|Any CPU = Debug|Any CPU
		Release|Any CPU = Release|Any CPU
	EndGlobalSection
	GlobalSection(ProjectConfigurationPlatforms) = postSolution
		{895F0539-4146-4651-941B-8FEE42BE0A27}.Debug|Any CPU.ActiveCfg = Debug|Any CPU
		{895F0539-4146-4651-941B-8FEE42BE0A27}.Debug|Any CPU.Build.0 = Debug|Any CPU
		{895F0539-4146-4651-941B-8FEE42BE0A27}.Release|Any CPU.ActiveCfg = Release|Any CPU
		{895F0539-4146-4651-941B-8FEE42BE0A27}.Release|Any CPU.Build.0 = Release|Any CPU
	EndGlobalSection
	GlobalSection(SolutionProperties) = preSolution
		HideSolutionNode = FALSE
	EndGlobalSection
	GlobalSection(ExtensibilityGlobals) = postSolution
		SolutionGuid = {CCFD1EC6-653A-4BB5-A282-E00908CE7C33}
	EndGlobalSection
EndGlobal
